// !$*UTF8*$!
{
	archiveVersion = 1;
	classes = {
	};
	objectVersion = 46;
	objects = {

/* Begin PBXBuildFile section */
		1C035A9B70C1EDB8F7D379D8 /* Pods_lab4UITests.framework in Frameworks */ = {isa = PBXBuildFile; fileRef = A15B1DEB434A1EBDA4C0814B /* Pods_lab4UITests.framework */; };
		873E015A0C7F392B6A2F14ED /* Pods_lab4.framework in Frameworks */ = {isa = PBXBuildFile; fileRef = A984CC299D44D5679585B12D /* Pods_lab4.framework */; };
		C5F0F8901E5E83B800974BC3 /* AppDelegate.swift in Sources */ = {isa = PBXBuildFile; fileRef = C5F0F88F1E5E83B800974BC3 /* AppDelegate.swift */; };
		C5F0F8921E5E83B800974BC3 /* ViewController.swift in Sources */ = {isa = PBXBuildFile; fileRef = C5F0F8911E5E83B800974BC3 /* ViewController.swift */; };
		C5F0F8951E5E83B800974BC3 /* Main.storyboard in Resources */ = {isa = PBXBuildFile; fileRef = C5F0F8931E5E83B800974BC3 /* Main.storyboard */; };
		C5F0F8971E5E83B800974BC3 /* Assets.xcassets in Resources */ = {isa = PBXBuildFile; fileRef = C5F0F8961E5E83B800974BC3 /* Assets.xcassets */; };
		C5F0F89A1E5E83B800974BC3 /* LaunchScreen.storyboard in Resources */ = {isa = PBXBuildFile; fileRef = C5F0F8981E5E83B800974BC3 /* LaunchScreen.storyboard */; };
		C5F0F8A51E5E83B800974BC3 /* lab4Tests.swift in Sources */ = {isa = PBXBuildFile; fileRef = C5F0F8A41E5E83B800974BC3 /* lab4Tests.swift */; };
		C5F0F8B01E5E83B900974BC3 /* lab4UITests.swift in Sources */ = {isa = PBXBuildFile; fileRef = C5F0F8AF1E5E83B900974BC3 /* lab4UITests.swift */; };
		C5F0F8BE1E5E857C00974BC3 /* LoginViewController.swift in Sources */ = {isa = PBXBuildFile; fileRef = C5F0F8BD1E5E857C00974BC3 /* LoginViewController.swift */; };
		F05D6F757B504F263673BC5A /* Pods_lab4Tests.framework in Frameworks */ = {isa = PBXBuildFile; fileRef = D3B4FE0A106D678001B763BA /* Pods_lab4Tests.framework */; };
/* End PBXBuildFile section */

/* Begin PBXContainerItemProxy section */
		C5F0F8A11E5E83B800974BC3 /* PBXContainerItemProxy */ = {
			isa = PBXContainerItemProxy;
			containerPortal = C5F0F8841E5E83B800974BC3 /* Project object */;
			proxyType = 1;
			remoteGlobalIDString = C5F0F88B1E5E83B800974BC3;
			remoteInfo = lab4;
		};
		C5F0F8AC1E5E83B900974BC3 /* PBXContainerItemProxy */ = {
			isa = PBXContainerItemProxy;
			containerPortal = C5F0F8841E5E83B800974BC3 /* Project object */;
			proxyType = 1;
			remoteGlobalIDString = C5F0F88B1E5E83B800974BC3;
			remoteInfo = lab4;
		};
/* End PBXContainerItemProxy section */

/* Begin PBXFileReference section */
		41ABB5C871DA16FCC3102625 /* Pods-lab4Tests.debug.xcconfig */ = {isa = PBXFileReference; includeInIndex = 1; lastKnownFileType = text.xcconfig; name = "Pods-lab4Tests.debug.xcconfig"; path = "Pods/Target Support Files/Pods-lab4Tests/Pods-lab4Tests.debug.xcconfig"; sourceTree = "<group>"; };
		4B6F28CC74CF1C2440B93EB0 /* Pods-lab4.release.xcconfig */ = {isa = PBXFileReference; includeInIndex = 1; lastKnownFileType = text.xcconfig; name = "Pods-lab4.release.xcconfig"; path = "Pods/Target Support Files/Pods-lab4/Pods-lab4.release.xcconfig"; sourceTree = "<group>"; };
		838BF33E7134AEA70E17DD0D /* Pods-lab4Tests.release.xcconfig */ = {isa = PBXFileReference; includeInIndex = 1; lastKnownFileType = text.xcconfig; name = "Pods-lab4Tests.release.xcconfig"; path = "Pods/Target Support Files/Pods-lab4Tests/Pods-lab4Tests.release.xcconfig"; sourceTree = "<group>"; };
		A0386F1A67FE28BB36975DC9 /* Pods-lab4UITests.debug.xcconfig */ = {isa = PBXFileReference; includeInIndex = 1; lastKnownFileType = text.xcconfig; name = "Pods-lab4UITests.debug.xcconfig"; path = "Pods/Target Support Files/Pods-lab4UITests/Pods-lab4UITests.debug.xcconfig"; sourceTree = "<group>"; };
		A15B1DEB434A1EBDA4C0814B /* Pods_lab4UITests.framework */ = {isa = PBXFileReference; explicitFileType = wrapper.framework; includeInIndex = 0; path = Pods_lab4UITests.framework; sourceTree = BUILT_PRODUCTS_DIR; };
		A984CC299D44D5679585B12D /* Pods_lab4.framework */ = {isa = PBXFileReference; explicitFileType = wrapper.framework; includeInIndex = 0; path = Pods_lab4.framework; sourceTree = BUILT_PRODUCTS_DIR; };
		C5F0F88C1E5E83B800974BC3 /* lab4.app */ = {isa = PBXFileReference; explicitFileType = wrapper.application; includeInIndex = 0; path = lab4.app; sourceTree = BUILT_PRODUCTS_DIR; };
		C5F0F88F1E5E83B800974BC3 /* AppDelegate.swift */ = {isa = PBXFileReference; lastKnownFileType = sourcecode.swift; path = AppDelegate.swift; sourceTree = "<group>"; };
		C5F0F8911E5E83B800974BC3 /* ViewController.swift */ = {isa = PBXFileReference; lastKnownFileType = sourcecode.swift; path = ViewController.swift; sourceTree = "<group>"; };
		C5F0F8941E5E83B800974BC3 /* Base */ = {isa = PBXFileReference; lastKnownFileType = file.storyboard; name = Base; path = Base.lproj/Main.storyboard; sourceTree = "<group>"; };
		C5F0F8961E5E83B800974BC3 /* Assets.xcassets */ = {isa = PBXFileReference; lastKnownFileType = folder.assetcatalog; path = Assets.xcassets; sourceTree = "<group>"; };
		C5F0F8991E5E83B800974BC3 /* Base */ = {isa = PBXFileReference; lastKnownFileType = file.storyboard; name = Base; path = Base.lproj/LaunchScreen.storyboard; sourceTree = "<group>"; };
		C5F0F89B1E5E83B800974BC3 /* Info.plist */ = {isa = PBXFileReference; lastKnownFileType = text.plist.xml; path = Info.plist; sourceTree = "<group>"; };
		C5F0F8A01E5E83B800974BC3 /* lab4Tests.xctest */ = {isa = PBXFileReference; explicitFileType = wrapper.cfbundle; includeInIndex = 0; path = lab4Tests.xctest; sourceTree = BUILT_PRODUCTS_DIR; };
		C5F0F8A41E5E83B800974BC3 /* lab4Tests.swift */ = {isa = PBXFileReference; lastKnownFileType = sourcecode.swift; path = lab4Tests.swift; sourceTree = "<group>"; };
		C5F0F8A61E5E83B900974BC3 /* Info.plist */ = {isa = PBXFileReference; lastKnownFileType = text.plist.xml; path = Info.plist; sourceTree = "<group>"; };
		C5F0F8AB1E5E83B900974BC3 /* lab4UITests.xctest */ = {isa = PBXFileReference; explicitFileType = wrapper.cfbundle; includeInIndex = 0; path = lab4UITests.xctest; sourceTree = BUILT_PRODUCTS_DIR; };
		C5F0F8AF1E5E83B900974BC3 /* lab4UITests.swift */ = {isa = PBXFileReference; lastKnownFileType = sourcecode.swift; path = lab4UITests.swift; sourceTree = "<group>"; };
		C5F0F8B11E5E83B900974BC3 /* Info.plist */ = {isa = PBXFileReference; lastKnownFileType = text.plist.xml; path = Info.plist; sourceTree = "<group>"; };
		C5F0F8BD1E5E857C00974BC3 /* LoginViewController.swift */ = {isa = PBXFileReference; fileEncoding = 4; lastKnownFileType = sourcecode.swift; path = LoginViewController.swift; sourceTree = "<group>"; };
		D3B4FE0A106D678001B763BA /* Pods_lab4Tests.framework */ = {isa = PBXFileReference; explicitFileType = wrapper.framework; includeInIndex = 0; path = Pods_lab4Tests.framework; sourceTree = BUILT_PRODUCTS_DIR; };
		EC33A6B41EE8A1E28C39C646 /* Pods-lab4UITests.release.xcconfig */ = {isa = PBXFileReference; includeInIndex = 1; lastKnownFileType = text.xcconfig; name = "Pods-lab4UITests.release.xcconfig"; path = "Pods/Target Support Files/Pods-lab4UITests/Pods-lab4UITests.release.xcconfig"; sourceTree = "<group>"; };
		F9C3AFB56237039ABA8B8028 /* Pods-lab4.debug.xcconfig */ = {isa = PBXFileReference; includeInIndex = 1; lastKnownFileType = text.xcconfig; name = "Pods-lab4.debug.xcconfig"; path = "Pods/Target Support Files/Pods-lab4/Pods-lab4.debug.xcconfig"; sourceTree = "<group>"; };
/* End PBXFileReference section */

/* Begin PBXFrameworksBuildPhase section */
		C5F0F8891E5E83B800974BC3 /* Frameworks */ = {
			isa = PBXFrameworksBuildPhase;
			buildActionMask = 2147483647;
			files = (
				873E015A0C7F392B6A2F14ED /* Pods_lab4.framework in Frameworks */,
			);
			runOnlyForDeploymentPostprocessing = 0;
		};
		C5F0F89D1E5E83B800974BC3 /* Frameworks */ = {
			isa = PBXFrameworksBuildPhase;
			buildActionMask = 2147483647;
			files = (
				F05D6F757B504F263673BC5A /* Pods_lab4Tests.framework in Frameworks */,
			);
			runOnlyForDeploymentPostprocessing = 0;
		};
		C5F0F8A81E5E83B900974BC3 /* Frameworks */ = {
			isa = PBXFrameworksBuildPhase;
			buildActionMask = 2147483647;
			files = (
				1C035A9B70C1EDB8F7D379D8 /* Pods_lab4UITests.framework in Frameworks */,
			);
			runOnlyForDeploymentPostprocessing = 0;
		};
/* End PBXFrameworksBuildPhase section */

/* Begin PBXGroup section */
		0DFAE2A5607FC415603C5D6A /* Pods */ = {
			isa = PBXGroup;
			children = (
				F9C3AFB56237039ABA8B8028 /* Pods-lab4.debug.xcconfig */,
				4B6F28CC74CF1C2440B93EB0 /* Pods-lab4.release.xcconfig */,
				41ABB5C871DA16FCC3102625 /* Pods-lab4Tests.debug.xcconfig */,
				838BF33E7134AEA70E17DD0D /* Pods-lab4Tests.release.xcconfig */,
				A0386F1A67FE28BB36975DC9 /* Pods-lab4UITests.debug.xcconfig */,
				EC33A6B41EE8A1E28C39C646 /* Pods-lab4UITests.release.xcconfig */,
			);
			name = Pods;
			sourceTree = "<group>";
		};
		9821ADAF59762504489B5487 /* Frameworks */ = {
			isa = PBXGroup;
			children = (
				A984CC299D44D5679585B12D /* Pods_lab4.framework */,
				D3B4FE0A106D678001B763BA /* Pods_lab4Tests.framework */,
				A15B1DEB434A1EBDA4C0814B /* Pods_lab4UITests.framework */,
			);
			name = Frameworks;
			sourceTree = "<group>";
		};
		C5F0F8831E5E83B800974BC3 = {
			isa = PBXGroup;
			children = (
				C5F0F88E1E5E83B800974BC3 /* lab4 */,
				C5F0F8A31E5E83B800974BC3 /* lab4Tests */,
				C5F0F8AE1E5E83B900974BC3 /* lab4UITests */,
				C5F0F88D1E5E83B800974BC3 /* Products */,
				0DFAE2A5607FC415603C5D6A /* Pods */,
				9821ADAF59762504489B5487 /* Frameworks */,
			);
			sourceTree = "<group>";
		};
		C5F0F88D1E5E83B800974BC3 /* Products */ = {
			isa = PBXGroup;
			children = (
				C5F0F88C1E5E83B800974BC3 /* lab4.app */,
				C5F0F8A01E5E83B800974BC3 /* lab4Tests.xctest */,
				C5F0F8AB1E5E83B900974BC3 /* lab4UITests.xctest */,
			);
			name = Products;
			sourceTree = "<group>";
		};
		C5F0F88E1E5E83B800974BC3 /* lab4 */ = {
			isa = PBXGroup;
			children = (
				C5F0F88F1E5E83B800974BC3 /* AppDelegate.swift */,
				C5F0F8911E5E83B800974BC3 /* ViewController.swift */,
				C5F0F8931E5E83B800974BC3 /* Main.storyboard */,
				C5F0F8961E5E83B800974BC3 /* Assets.xcassets */,
				C5F0F8981E5E83B800974BC3 /* LaunchScreen.storyboard */,
				C5F0F89B1E5E83B800974BC3 /* Info.plist */,
				C5F0F8BD1E5E857C00974BC3 /* LoginViewController.swift */,
			);
			path = lab4;
			sourceTree = "<group>";
		};
		C5F0F8A31E5E83B800974BC3 /* lab4Tests */ = {
			isa = PBXGroup;
			children = (
				C5F0F8A41E5E83B800974BC3 /* lab4Tests.swift */,
				C5F0F8A61E5E83B900974BC3 /* Info.plist */,
			);
			path = lab4Tests;
			sourceTree = "<group>";
		};
		C5F0F8AE1E5E83B900974BC3 /* lab4UITests */ = {
			isa = PBXGroup;
			children = (
				C5F0F8AF1E5E83B900974BC3 /* lab4UITests.swift */,
				C5F0F8B11E5E83B900974BC3 /* Info.plist */,
			);
			path = lab4UITests;
			sourceTree = "<group>";
		};
/* End PBXGroup section */

/* Begin PBXNativeTarget section */
		C5F0F88B1E5E83B800974BC3 /* lab4 */ = {
			isa = PBXNativeTarget;
			buildConfigurationList = C5F0F8B41E5E83B900974BC3 /* Build configuration list for PBXNativeTarget "lab4" */;
			buildPhases = (
				458CFB3E32BEE6A0B370502E /* [CP] Check Pods Manifest.lock */,
				C5F0F8881E5E83B800974BC3 /* Sources */,
				C5F0F8891E5E83B800974BC3 /* Frameworks */,
				C5F0F88A1E5E83B800974BC3 /* Resources */,
				B44EF527ACB444D3D3E310D8 /* [CP] Embed Pods Frameworks */,
				28F9C7120E7863AC42C43858 /* [CP] Copy Pods Resources */,
			);
			buildRules = (
			);
			dependencies = (
			);
			name = lab4;
			productName = lab4;
			productReference = C5F0F88C1E5E83B800974BC3 /* lab4.app */;
			productType = "com.apple.product-type.application";
		};
		C5F0F89F1E5E83B800974BC3 /* lab4Tests */ = {
			isa = PBXNativeTarget;
			buildConfigurationList = C5F0F8B71E5E83B900974BC3 /* Build configuration list for PBXNativeTarget "lab4Tests" */;
			buildPhases = (
				4B36A497227B19931DD0593E /* [CP] Check Pods Manifest.lock */,
				C5F0F89C1E5E83B800974BC3 /* Sources */,
				C5F0F89D1E5E83B800974BC3 /* Frameworks */,
				C5F0F89E1E5E83B800974BC3 /* Resources */,
				F312F5993CF1BDBCC8C37038 /* [CP] Embed Pods Frameworks */,
				21139F28B684B11A40219E93 /* [CP] Copy Pods Resources */,
			);
			buildRules = (
			);
			dependencies = (
				C5F0F8A21E5E83B800974BC3 /* PBXTargetDependency */,
			);
			name = lab4Tests;
			productName = lab4Tests;
			productReference = C5F0F8A01E5E83B800974BC3 /* lab4Tests.xctest */;
			productType = "com.apple.product-type.bundle.unit-test";
		};
		C5F0F8AA1E5E83B900974BC3 /* lab4UITests */ = {
			isa = PBXNativeTarget;
			buildConfigurationList = C5F0F8BA1E5E83B900974BC3 /* Build configuration list for PBXNativeTarget "lab4UITests" */;
			buildPhases = (
				DA6740FA5805BC9F043A3AEA /* [CP] Check Pods Manifest.lock */,
				C5F0F8A71E5E83B900974BC3 /* Sources */,
				C5F0F8A81E5E83B900974BC3 /* Frameworks */,
				C5F0F8A91E5E83B900974BC3 /* Resources */,
				7932E7A92068B08C1E73CD08 /* [CP] Embed Pods Frameworks */,
				2E031B2CE4EDADA9F89F572A /* [CP] Copy Pods Resources */,
			);
			buildRules = (
			);
			dependencies = (
				C5F0F8AD1E5E83B900974BC3 /* PBXTargetDependency */,
			);
			name = lab4UITests;
			productName = lab4UITests;
			productReference = C5F0F8AB1E5E83B900974BC3 /* lab4UITests.xctest */;
			productType = "com.apple.product-type.bundle.ui-testing";
		};
/* End PBXNativeTarget section */

/* Begin PBXProject section */
		C5F0F8841E5E83B800974BC3 /* Project object */ = {
			isa = PBXProject;
			attributes = {
				LastSwiftUpdateCheck = 0820;
				LastUpgradeCheck = 0820;
				ORGANIZATIONNAME = "Becky Chan";
				TargetAttributes = {
					C5F0F88B1E5E83B800974BC3 = {
						CreatedOnToolsVersion = 8.2.1;
						ProvisioningStyle = Automatic;
					};
					C5F0F89F1E5E83B800974BC3 = {
						CreatedOnToolsVersion = 8.2.1;
						ProvisioningStyle = Automatic;
						TestTargetID = C5F0F88B1E5E83B800974BC3;
					};
					C5F0F8AA1E5E83B900974BC3 = {
						CreatedOnToolsVersion = 8.2.1;
						ProvisioningStyle = Automatic;
						TestTargetID = C5F0F88B1E5E83B800974BC3;
					};
				};
			};
			buildConfigurationList = C5F0F8871E5E83B800974BC3 /* Build configuration list for PBXProject "lab4" */;
			compatibilityVersion = "Xcode 3.2";
			developmentRegion = English;
			hasScannedForEncodings = 0;
			knownRegions = (
				en,
				Base,
			);
			mainGroup = C5F0F8831E5E83B800974BC3;
			productRefGroup = C5F0F88D1E5E83B800974BC3 /* Products */;
			projectDirPath = "";
			projectRoot = "";
			targets = (
				C5F0F88B1E5E83B800974BC3 /* lab4 */,
				C5F0F89F1E5E83B800974BC3 /* lab4Tests */,
				C5F0F8AA1E5E83B900974BC3 /* lab4UITests */,
			);
		};
/* End PBXProject section */

/* Begin PBXResourcesBuildPhase section */
		C5F0F88A1E5E83B800974BC3 /* Resources */ = {
			isa = PBXResourcesBuildPhase;
			buildActionMask = 2147483647;
			files = (
				C5F0F89A1E5E83B800974BC3 /* LaunchScreen.storyboard in Resources */,
				C5F0F8971E5E83B800974BC3 /* Assets.xcassets in Resources */,
				C5F0F8951E5E83B800974BC3 /* Main.storyboard in Resources */,
			);
			runOnlyForDeploymentPostprocessing = 0;
		};
		C5F0F89E1E5E83B800974BC3 /* Resources */ = {
			isa = PBXResourcesBuildPhase;
			buildActionMask = 2147483647;
			files = (
			);
			runOnlyForDeploymentPostprocessing = 0;
		};
		C5F0F8A91E5E83B900974BC3 /* Resources */ = {
			isa = PBXResourcesBuildPhase;
			buildActionMask = 2147483647;
			files = (
			);
			runOnlyForDeploymentPostprocessing = 0;
		};
/* End PBXResourcesBuildPhase section */

/* Begin PBXShellScriptBuildPhase section */
		21139F28B684B11A40219E93 /* [CP] Copy Pods Resources */ = {
			isa = PBXShellScriptBuildPhase;
			buildActionMask = 2147483647;
			files = (
			);
			inputPaths = (
			);
			name = "[CP] Copy Pods Resources";
			outputPaths = (
			);
			runOnlyForDeploymentPostprocessing = 0;
			shellPath = /bin/sh;
			shellScript = "\"${SRCROOT}/Pods/Target Support Files/Pods-lab4Tests/Pods-lab4Tests-resources.sh\"\n";
			showEnvVarsInLog = 0;
		};
		28F9C7120E7863AC42C43858 /* [CP] Copy Pods Resources */ = {
			isa = PBXShellScriptBuildPhase;
			buildActionMask = 2147483647;
			files = (
			);
			inputPaths = (
			);
			name = "[CP] Copy Pods Resources";
			outputPaths = (
			);
			runOnlyForDeploymentPostprocessing = 0;
			shellPath = /bin/sh;
			shellScript = "\"${SRCROOT}/Pods/Target Support Files/Pods-lab4/Pods-lab4-resources.sh\"\n";
			showEnvVarsInLog = 0;
		};
		2E031B2CE4EDADA9F89F572A /* [CP] Copy Pods Resources */ = {
			isa = PBXShellScriptBuildPhase;
			buildActionMask = 2147483647;
			files = (
			);
			inputPaths = (
			);
			name = "[CP] Copy Pods Resources";
			outputPaths = (
			);
			runOnlyForDeploymentPostprocessing = 0;
			shellPath = /bin/sh;
			shellScript = "\"${SRCROOT}/Pods/Target Support Files/Pods-lab4UITests/Pods-lab4UITests-resources.sh\"\n";
			showEnvVarsInLog = 0;
		};
		458CFB3E32BEE6A0B370502E /* [CP] Check Pods Manifest.lock */ = {
			isa = PBXShellScriptBuildPhase;
			buildActionMask = 2147483647;
			files = (
			);
			inputPaths = (
			);
			name = "[CP] Check Pods Manifest.lock";
			outputPaths = (
			);
			runOnlyForDeploymentPostprocessing = 0;
			shellPath = /bin/sh;
			shellScript = "diff \"${PODS_ROOT}/../Podfile.lock\" \"${PODS_ROOT}/Manifest.lock\" > /dev/null\nif [ $? != 0 ] ; then\n    # print error to STDERR\n    echo \"error: The sandbox is not in sync with the Podfile.lock. Run 'pod install' or update your CocoaPods installation.\" >&2\n    exit 1\nfi\n";
			showEnvVarsInLog = 0;
		};
		4B36A497227B19931DD0593E /* [CP] Check Pods Manifest.lock */ = {
			isa = PBXShellScriptBuildPhase;
			buildActionMask = 2147483647;
			files = (
			);
			inputPaths = (
			);
			name = "[CP] Check Pods Manifest.lock";
			outputPaths = (
			);
			runOnlyForDeploymentPostprocessing = 0;
			shellPath = /bin/sh;
			shellScript = "diff \"${PODS_ROOT}/../Podfile.lock\" \"${PODS_ROOT}/Manifest.lock\" > /dev/null\nif [ $? != 0 ] ; then\n    # print error to STDERR\n    echo \"error: The sandbox is not in sync with the Podfile.lock. Run 'pod install' or update your CocoaPods installation.\" >&2\n    exit 1\nfi\n";
			showEnvVarsInLog = 0;
		};
		7932E7A92068B08C1E73CD08 /* [CP] Embed Pods Frameworks */ = {
			isa = PBXShellScriptBuildPhase;
			buildActionMask = 2147483647;
			files = (
			);
			inputPaths = (
			);
			name = "[CP] Embed Pods Frameworks";
			outputPaths = (
			);
			runOnlyForDeploymentPostprocessing = 0;
			shellPath = /bin/sh;
			shellScript = "\"${SRCROOT}/Pods/Target Support Files/Pods-lab4UITests/Pods-lab4UITests-frameworks.sh\"\n";
			showEnvVarsInLog = 0;
		};
		B44EF527ACB444D3D3E310D8 /* [CP] Embed Pods Frameworks */ = {
			isa = PBXShellScriptBuildPhase;
			buildActionMask = 2147483647;
			files = (
			);
			inputPaths = (
			);
			name = "[CP] Embed Pods Frameworks";
			outputPaths = (
			);
			runOnlyForDeploymentPostprocessing = 0;
			shellPath = /bin/sh;
			shellScript = "\"${SRCROOT}/Pods/Target Support Files/Pods-lab4/Pods-lab4-frameworks.sh\"\n";
			showEnvVarsInLog = 0;
		};
		DA6740FA5805BC9F043A3AEA /* [CP] Check Pods Manifest.lock */ = {
			isa = PBXShellScriptBuildPhase;
			buildActionMask = 2147483647;
			files = (
			);
			inputPaths = (
			);
			name = "[CP] Check Pods Manifest.lock";
			outputPaths = (
			);
			runOnlyForDeploymentPostprocessing = 0;
			shellPath = /bin/sh;
			shellScript = "diff \"${PODS_ROOT}/../Podfile.lock\" \"${PODS_ROOT}/Manifest.lock\" > /dev/null\nif [ $? != 0 ] ; then\n    # print error to STDERR\n    echo \"error: The sandbox is not in sync with the Podfile.lock. Run 'pod install' or update your CocoaPods installation.\" >&2\n    exit 1\nfi\n";
			showEnvVarsInLog = 0;
		};
		F312F5993CF1BDBCC8C37038 /* [CP] Embed Pods Frameworks */ = {
			isa = PBXShellScriptBuildPhase;
			buildActionMask = 2147483647;
			files = (
			);
			inputPaths = (
			);
			name = "[CP] Embed Pods Frameworks";
			outputPaths = (
			);
			runOnlyForDeploymentPostprocessing = 0;
			shellPath = /bin/sh;
			shellScript = "\"${SRCROOT}/Pods/Target Support Files/Pods-lab4Tests/Pods-lab4Tests-frameworks.sh\"\n";
			showEnvVarsInLog = 0;
		};
/* End PBXShellScriptBuildPhase section */

/* Begin PBXSourcesBuildPhase section */
		C5F0F8881E5E83B800974BC3 /* Sources */ = {
			isa = PBXSourcesBuildPhase;
			buildActionMask = 2147483647;
			files = (
				C5F0F8BE1E5E857C00974BC3 /* LoginViewController.swift in Sources */,
				C5F0F8921E5E83B800974BC3 /* ViewController.swift in Sources */,
				C5F0F8901E5E83B800974BC3 /* AppDelegate.swift in Sources */,
			);
			runOnlyForDeploymentPostprocessing = 0;
		};
		C5F0F89C1E5E83B800974BC3 /* Sources */ = {
			isa = PBXSourcesBuildPhase;
			buildActionMask = 2147483647;
			files = (
				C5F0F8A51E5E83B800974BC3 /* lab4Tests.swift in Sources */,
			);
			runOnlyForDeploymentPostprocessing = 0;
		};
		C5F0F8A71E5E83B900974BC3 /* Sources */ = {
			isa = PBXSourcesBuildPhase;
			buildActionMask = 2147483647;
			files = (
				C5F0F8B01E5E83B900974BC3 /* lab4UITests.swift in Sources */,
			);
			runOnlyForDeploymentPostprocessing = 0;
		};
/* End PBXSourcesBuildPhase section */

/* Begin PBXTargetDependency section */
		C5F0F8A21E5E83B800974BC3 /* PBXTargetDependency */ = {
			isa = PBXTargetDependency;
			target = C5F0F88B1E5E83B800974BC3 /* lab4 */;
			targetProxy = C5F0F8A11E5E83B800974BC3 /* PBXContainerItemProxy */;
		};
		C5F0F8AD1E5E83B900974BC3 /* PBXTargetDependency */ = {
			isa = PBXTargetDependency;
			target = C5F0F88B1E5E83B800974BC3 /* lab4 */;
			targetProxy = C5F0F8AC1E5E83B900974BC3 /* PBXContainerItemProxy */;
		};
/* End PBXTargetDependency section */

/* Begin PBXVariantGroup section */
		C5F0F8931E5E83B800974BC3 /* Main.storyboard */ = {
			isa = PBXVariantGroup;
			children = (
				C5F0F8941E5E83B800974BC3 /* Base */,
			);
			name = Main.storyboard;
			sourceTree = "<group>";
		};
		C5F0F8981E5E83B800974BC3 /* LaunchScreen.storyboard */ = {
			isa = PBXVariantGroup;
			children = (
				C5F0F8991E5E83B800974BC3 /* Base */,
			);
			name = LaunchScreen.storyboard;
			sourceTree = "<group>";
		};
/* End PBXVariantGroup section */

/* Begin XCBuildConfiguration section */
		C5F0F8B21E5E83B900974BC3 /* Debug */ = {
			isa = XCBuildConfiguration;
			buildSettings = {
				ALWAYS_SEARCH_USER_PATHS = NO;
				CLANG_ANALYZER_NONNULL = YES;
				CLANG_CXX_LANGUAGE_STANDARD = "gnu++0x";
				CLANG_CXX_LIBRARY = "libc++";
				CLANG_ENABLE_MODULES = YES;
				CLANG_ENABLE_OBJC_ARC = YES;
				CLANG_WARN_BOOL_CONVERSION = YES;
				CLANG_WARN_CONSTANT_CONVERSION = YES;
				CLANG_WARN_DIRECT_OBJC_ISA_USAGE = YES_ERROR;
				CLANG_WARN_DOCUMENTATION_COMMENTS = YES;
				CLANG_WARN_EMPTY_BODY = YES;
				CLANG_WARN_ENUM_CONVERSION = YES;
				CLANG_WARN_INFINITE_RECURSION = YES;
				CLANG_WARN_INT_CONVERSION = YES;
				CLANG_WARN_OBJC_ROOT_CLASS = YES_ERROR;
				CLANG_WARN_SUSPICIOUS_MOVE = YES;
				CLANG_WARN_UNREACHABLE_CODE = YES;
				CLANG_WARN__DUPLICATE_METHOD_MATCH = YES;
				"CODE_SIGN_IDENTITY[sdk=iphoneos*]" = "iPhone Developer";
				COPY_PHASE_STRIP = NO;
				DEBUG_INFORMATION_FORMAT = dwarf;
				ENABLE_STRICT_OBJC_MSGSEND = YES;
				ENABLE_TESTABILITY = YES;
				GCC_C_LANGUAGE_STANDARD = gnu99;
				GCC_DYNAMIC_NO_PIC = NO;
				GCC_NO_COMMON_BLOCKS = YES;
				GCC_OPTIMIZATION_LEVEL = 0;
				GCC_PREPROCESSOR_DEFINITIONS = (
					"DEBUG=1",
					"$(inherited)",
				);
				GCC_WARN_64_TO_32_BIT_CONVERSION = YES;
				GCC_WARN_ABOUT_RETURN_TYPE = YES_ERROR;
				GCC_WARN_UNDECLARED_SELECTOR = YES;
				GCC_WARN_UNINITIALIZED_AUTOS = YES_AGGRESSIVE;
				GCC_WARN_UNUSED_FUNCTION = YES;
				GCC_WARN_UNUSED_VARIABLE = YES;
				IPHONEOS_DEPLOYMENT_TARGET = 10.2;
				MTL_ENABLE_DEBUG_INFO = YES;
				ONLY_ACTIVE_ARCH = YES;
				SDKROOT = iphoneos;
				SWIFT_ACTIVE_COMPILATION_CONDITIONS = DEBUG;
				SWIFT_OPTIMIZATION_LEVEL = "-Onone";
				TARGETED_DEVICE_FAMILY = "1,2";
			};
			name = Debug;
		};
		C5F0F8B31E5E83B900974BC3 /* Release */ = {
			isa = XCBuildConfiguration;
			buildSettings = {
				ALWAYS_SEARCH_USER_PATHS = NO;
				CLANG_ANALYZER_NONNULL = YES;
				CLANG_CXX_LANGUAGE_STANDARD = "gnu++0x";
				CLANG_CXX_LIBRARY = "libc++";
				CLANG_ENABLE_MODULES = YES;
				CLANG_ENABLE_OBJC_ARC = YES;
				CLANG_WARN_BOOL_CONVERSION = YES;
				CLANG_WARN_CONSTANT_CONVERSION = YES;
				CLANG_WARN_DIRECT_OBJC_ISA_USAGE = YES_ERROR;
				CLANG_WARN_DOCUMENTATION_COMMENTS = YES;
				CLANG_WARN_EMPTY_BODY = YES;
				CLANG_WARN_ENUM_CONVERSION = YES;
				CLANG_WARN_INFINITE_RECURSION = YES;
				CLANG_WARN_INT_CONVERSION = YES;
				CLANG_WARN_OBJC_ROOT_CLASS = YES_ERROR;
				CLANG_WARN_SUSPICIOUS_MOVE = YES;
				CLANG_WARN_UNREACHABLE_CODE = YES;
				CLANG_WARN__DUPLICATE_METHOD_MATCH = YES;
				"CODE_SIGN_IDENTITY[sdk=iphoneos*]" = "iPhone Developer";
				COPY_PHASE_STRIP = NO;
				DEBUG_INFORMATION_FORMAT = "dwarf-with-dsym";
				ENABLE_NS_ASSERTIONS = NO;
				ENABLE_STRICT_OBJC_MSGSEND = YES;
				GCC_C_LANGUAGE_STANDARD = gnu99;
				GCC_NO_COMMON_BLOCKS = YES;
				GCC_WARN_64_TO_32_BIT_CONVERSION = YES;
				GCC_WARN_ABOUT_RETURN_TYPE = YES_ERROR;
				GCC_WARN_UNDECLARED_SELECTOR = YES;
				GCC_WARN_UNINITIALIZED_AUTOS = YES_AGGRESSIVE;
				GCC_WARN_UNUSED_FUNCTION = YES;
				GCC_WARN_UNUSED_VARIABLE = YES;
				IPHONEOS_DEPLOYMENT_TARGET = 10.2;
				MTL_ENABLE_DEBUG_INFO = NO;
				SDKROOT = iphoneos;
				SWIFT_OPTIMIZATION_LEVEL = "-Owholemodule";
				TARGETED_DEVICE_FAMILY = "1,2";
				VALIDATE_PRODUCT = YES;
			};
			name = Release;
		};
		C5F0F8B51E5E83B900974BC3 /* Debug */ = {
			isa = XCBuildConfiguration;
			baseConfigurationReference = F9C3AFB56237039ABA8B8028 /* Pods-lab4.debug.xcconfig */;
			buildSettings = {
				ASSETCATALOG_COMPILER_APPICON_NAME = AppIcon;
				INFOPLIST_FILE = lab4/Info.plist;
				LD_RUNPATH_SEARCH_PATHS = "$(inherited) @executable_path/Frameworks";
				PRODUCT_BUNDLE_IDENTIFIER = codepath.com.lab4;
				PRODUCT_NAME = "$(TARGET_NAME)";
				SWIFT_VERSION = 3.0;
			};
			name = Debug;
		};
		C5F0F8B61E5E83B900974BC3 /* Release */ = {
			isa = XCBuildConfiguration;
			baseConfigurationReference = 4B6F28CC74CF1C2440B93EB0 /* Pods-lab4.release.xcconfig */;
			buildSettings = {
				ASSETCATALOG_COMPILER_APPICON_NAME = AppIcon;
				INFOPLIST_FILE = lab4/Info.plist;
				LD_RUNPATH_SEARCH_PATHS = "$(inherited) @executable_path/Frameworks";
				PRODUCT_BUNDLE_IDENTIFIER = codepath.com.lab4;
				PRODUCT_NAME = "$(TARGET_NAME)";
				SWIFT_VERSION = 3.0;
			};
			name = Release;
		};
		C5F0F8B81E5E83B900974BC3 /* Debug */ = {
			isa = XCBuildConfiguration;
			baseConfigurationReference = 41ABB5C871DA16FCC3102625 /* Pods-lab4Tests.debug.xcconfig */;
			buildSettings = {
				ALWAYS_EMBED_SWIFT_STANDARD_LIBRARIES = YES;
				BUNDLE_LOADER = "$(TEST_HOST)";
				INFOPLIST_FILE = lab4Tests/Info.plist;
				LD_RUNPATH_SEARCH_PATHS = "$(inherited) @executable_path/Frameworks @loader_path/Frameworks";
				PRODUCT_BUNDLE_IDENTIFIER = codepath.com.lab4Tests;
				PRODUCT_NAME = "$(TARGET_NAME)";
				SWIFT_VERSION = 3.0;
				TEST_HOST = "$(BUILT_PRODUCTS_DIR)/lab4.app/lab4";
			};
			name = Debug;
		};
		C5F0F8B91E5E83B900974BC3 /* Release */ = {
			isa = XCBuildConfiguration;
			baseConfigurationReference = 838BF33E7134AEA70E17DD0D /* Pods-lab4Tests.release.xcconfig */;
			buildSettings = {
				ALWAYS_EMBED_SWIFT_STANDARD_LIBRARIES = YES;
				BUNDLE_LOADER = "$(TEST_HOST)";
				INFOPLIST_FILE = lab4Tests/Info.plist;
				LD_RUNPATH_SEARCH_PATHS = "$(inherited) @executable_path/Frameworks @loader_path/Frameworks";
				PRODUCT_BUNDLE_IDENTIFIER = codepath.com.lab4Tests;
				PRODUCT_NAME = "$(TARGET_NAME)";
				SWIFT_VERSION = 3.0;
				TEST_HOST = "$(BUILT_PRODUCTS_DIR)/lab4.app/lab4";
			};
			name = Release;
		};
		C5F0F8BB1E5E83B900974BC3 /* Debug */ = {
			isa = XCBuildConfiguration;
			baseConfigurationReference = A0386F1A67FE28BB36975DC9 /* Pods-lab4UITests.debug.xcconfig */;
			buildSettings = {
				ALWAYS_EMBED_SWIFT_STANDARD_LIBRARIES = YES;
				INFOPLIST_FILE = lab4UITests/Info.plist;
				LD_RUNPATH_SEARCH_PATHS = "$(inherited) @executable_path/Frameworks @loader_path/Frameworks";
				PRODUCT_BUNDLE_IDENTIFIER = codepath.com.lab4UITests;
				PRODUCT_NAME = "$(TARGET_NAME)";
				SWIFT_VERSION = 3.0;
				TEST_TARGET_NAME = lab4;
			};
			name = Debug;
		};
		C5F0F8BC1E5E83B900974BC3 /* Release */ = {
			isa = XCBuildConfiguration;
			baseConfigurationReference = EC33A6B41EE8A1E28C39C646 /* Pods-lab4UITests.release.xcconfig */;
			buildSettings = {
				ALWAYS_EMBED_SWIFT_STANDARD_LIBRARIES = YES;
				INFOPLIST_FILE = lab4UITests/Info.plist;
				LD_RUNPATH_SEARCH_PATHS = "$(inherited) @executable_path/Frameworks @loader_path/Frameworks";
				PRODUCT_BUNDLE_IDENTIFIER = codepath.com.lab4UITests;
				PRODUCT_NAME = "$(TARGET_NAME)";
				SWIFT_VERSION = 3.0;
				TEST_TARGET_NAME = lab4;
			};
			name = Release;
		};
/* End XCBuildConfiguration section */

/* Begin XCConfigurationList section */
		C5F0F8871E5E83B800974BC3 /* Build configuration list for PBXProject "lab4" */ = {
			isa = XCConfigurationList;
			buildConfigurations = (
				C5F0F8B21E5E83B900974BC3 /* Debug */,
				C5F0F8B31E5E83B900974BC3 /* Release */,
			);
			defaultConfigurationIsVisible = 0;
			defaultConfigurationName = Release;
		};
		C5F0F8B41E5E83B900974BC3 /* Build configuration list for PBXNativeTarget "lab4" */ = {
			isa = XCConfigurationList;
			buildConfigurations = (
				C5F0F8B51E5E83B900974BC3 /* Debug */,
				C5F0F8B61E5E83B900974BC3 /* Release */,
			);
			defaultConfigurationIsVisible = 0;
			defaultConfigurationName = Release;
		};
		C5F0F8B71E5E83B900974BC3 /* Build configuration list for PBXNativeTarget "lab4Tests" */ = {
			isa = XCConfigurationList;
			buildConfigurations = (
				C5F0F8B81E5E83B900974BC3 /* Debug */,
				C5F0F8B91E5E83B900974BC3 /* Release */,
			);
			defaultConfigurationIsVisible = 0;
			defaultConfigurationName = Release;
		};
		C5F0F8BA1E5E83B900974BC3 /* Build configuration list for PBXNativeTarget "lab4UITests" */ = {
			isa = XCConfigurationList;
			buildConfigurations = (
				C5F0F8BB1E5E83B900974BC3 /* Debug */,
				C5F0F8BC1E5E83B900974BC3 /* Release */,
			);
			defaultConfigurationIsVisible = 0;
			defaultConfigurationName = Release;
		};
/* End XCConfigurationList section */
	};
	rootObject = C5F0F8841E5E83B800974BC3 /* Project object */;
}
